
Microsoft Visual Studio Solution File, Format Version 12.00
# Visual Studio Version 16
VisualStudioVersion = 16.0.29519.87
MinimumVisualStudioVersion = 10.0.40219.1
Project("{FAE04EC0-301F-11D3-BF4B-00C04F79EFBC}") = "Menu.Api", "Menu.Api\Menu.Api.csproj", "{8D1C8499-A726-4570-B843-48BB9C76CCBC}"
EndProject
Global
	GlobalSection(SolutionConfigurationPlatforms) = preSolution
		Debug|Any CPU = Debug|Any CPU
		Release|Any CPU = Release|Any CPU
	EndGlobalSection
	GlobalSection(ProjectConfigurationPlatforms) = postSolution
		{8D1C8499-A726-4570-B843-48BB9C76CCBC}.Debug|Any CPU.ActiveCfg = Debug|Any CPU
		{8D1C8499-A726-4570-B843-48BB9C76CCBC}.Debug|Any CPU.Build.0 = Debug|Any CPU
		{8D1C8499-A726-4570-B843-48BB9C76CCBC}.Release|Any CPU.ActiveCfg = Release|Any CPU
		{8D1C8499-A726-4570-B843-48BB9C76CCBC}.Release|Any CPU.Build.0 = Release|Any CPU
	EndGlobalSection
	GlobalSection(SolutionProperties) = preSolution
		HideSolutionNode = FALSE
	EndGlobalSection
	GlobalSection(ExtensibilityGlobals) = postSolution
		SolutionGuid = {B0D9C12C-058A-4132-87FE-4D4DD6FE5847}
	EndGlobalSection
	GlobalSection(MonoDevelopProperties) = preSolution
		outputpath = khacho@84.201.177.175%projects/menu/build/bin
	EndGlobalSection
EndGlobal
